
<<<<<<< HEAD
Microsoft Visual Studio Solution File, Format Version 12.00
# Visual Studio 2017
Project("{FAE04EC0-301F-11D3-BF4B-00C04F79EFBC}") = "SEproject", "SEproject.csproj", "{16FB506D-6FD7-B95D-39B0-FA2677BDD852}"
=======
Microsoft Visual Studio Solution File, Format Version 11.00
# Visual Studio 2010
Project("{FAE04EC0-301F-11D3-BF4B-00C04F79EFBC}") = "SEproject", "Assembly-CSharp.csproj", "{27595399-A032-BE43-5A31-346C372D84AA}"
>>>>>>> 3fa08c189e5d20bd08748cd64dc80904155c449c
EndProject
Global
	GlobalSection(SolutionConfigurationPlatforms) = preSolution
		Debug|Any CPU = Debug|Any CPU
		Release|Any CPU = Release|Any CPU
	EndGlobalSection
	GlobalSection(ProjectConfigurationPlatforms) = postSolution
		{16FB506D-6FD7-B95D-39B0-FA2677BDD852}.Debug|Any CPU.ActiveCfg = Debug|Any CPU
		{16FB506D-6FD7-B95D-39B0-FA2677BDD852}.Debug|Any CPU.Build.0 = Debug|Any CPU
		{16FB506D-6FD7-B95D-39B0-FA2677BDD852}.Release|Any CPU.ActiveCfg = Release|Any CPU
		{16FB506D-6FD7-B95D-39B0-FA2677BDD852}.Release|Any CPU.Build.0 = Release|Any CPU
	EndGlobalSection
	GlobalSection(SolutionProperties) = preSolution
		HideSolutionNode = FALSE
	EndGlobalSection
EndGlobal
